
Microsoft Visual Studio Solution File, Format Version 12.00
# Visual Studio Version 17
VisualStudioVersion = 17.4.33205.214
MinimumVisualStudioVersion = 10.0.40219.1
Project("{FAE04EC0-301F-11D3-BF4B-00C04F79EFBC}") = "SiqnalRConnectionId", "SiqnalRConnectionId\SiqnalRConnectionId.csproj", "{45EA9C06-BD2D-4628-AA13-46C9A26A492B}"
EndProject
Global
	GlobalSection(SolutionConfigurationPlatforms) = preSolution
		Debug|Any CPU = Debug|Any CPU
		Release|Any CPU = Release|Any CPU
	EndGlobalSection
	GlobalSection(ProjectConfigurationPlatforms) = postSolution
		{45EA9C06-BD2D-4628-AA13-46C9A26A492B}.Debug|Any CPU.ActiveCfg = Debug|Any CPU
		{45EA9C06-BD2D-4628-AA13-46C9A26A492B}.Debug|Any CPU.Build.0 = Debug|Any CPU
		{45EA9C06-BD2D-4628-AA13-46C9A26A492B}.Release|Any CPU.ActiveCfg = Release|Any CPU
		{45EA9C06-BD2D-4628-AA13-46C9A26A492B}.Release|Any CPU.Build.0 = Release|Any CPU
	EndGlobalSection
	GlobalSection(SolutionProperties) = preSolution
		HideSolutionNode = FALSE
	EndGlobalSection
	GlobalSection(ExtensibilityGlobals) = postSolution
		SolutionGuid = {CDAE15EE-3F88-437F-962D-59DD21641FFA}
	EndGlobalSection
EndGlobal
